
Microsoft Visual Studio Solution File, Format Version 12.00
# Visual Studio Version 17
VisualStudioVersion = 17.0.32014.148
MinimumVisualStudioVersion = 10.0.40219.1
Project("{8BC9CEB8-8B4A-11D0-8D11-00A0C91BC942}") = "ANG", "ANG\ANG.vcxproj", "{C1C0B095-9F4C-49E0-A5E8-87F032950B51}"
	ProjectSection(ProjectDependencies) = postProject
		{0FB76F60-C9D9-4D4C-A05E-3CEF293D2C34} = {0FB76F60-C9D9-4D4C-A05E-3CEF293D2C34}
		{E08A2ACB-5D6A-48C6-99B1-0363BBD1A0A1} = {E08A2ACB-5D6A-48C6-99B1-0363BBD1A0A1}
	EndProjectSection
EndProject
Project("{8BC9CEB8-8B4A-11D0-8D11-00A0C91BC942}") = "Core", "Core\Core.vcxproj", "{0FB76F60-C9D9-4D4C-A05E-3CEF293D2C34}"
EndProject
Project("{8BC9CEB8-8B4A-11D0-8D11-00A0C91BC942}") = "AGE", "AGE\AGE.vcxproj", "{E08A2ACB-5D6A-48C6-99B1-0363BBD1A0A1}"
	ProjectSection(ProjectDependencies) = postProject
		{0FB76F60-C9D9-4D4C-A05E-3CEF293D2C34} = {0FB76F60-C9D9-4D4C-A05E-3CEF293D2C34}
	EndProjectSection
EndProject
Project("{2150E333-8FDC-42A3-9474-1A3956D46DE8}") = "Tests", "Tests", "{DEC84305-F168-4FB5-AF8C-CCDA68F45CE7}"
EndProject
Project("{8BC9CEB8-8B4A-11D0-8D11-00A0C91BC942}") = "Core_Tests", "Tests\Core\Core_Tests.vcxproj", "{FEBE0C34-08A1-4983-A402-593395EB5C1A}"
EndProject
Project("{2150E333-8FDC-42A3-9474-1A3956D46DE8}") = "Tools", "Tools", "{A415E5DC-5AB4-4FD5-A848-60127FDFD42B}"
	ProjectSection(SolutionItems) = preProject
		Tools\compileShaders.py = Tools\compileShaders.py
	EndProjectSection
EndProject
Project("{8BC9CEB8-8B4A-11D0-8D11-00A0C91BC942}") = "ShaderCompiler", "Tools\Tools\ShaderCompiler\ShaderCompiler.vcxproj", "{7F55457E-6200-41EF-895F-7098FDE22746}"
	ProjectSection(ProjectDependencies) = postProject
		{0FB76F60-C9D9-4D4C-A05E-3CEF293D2C34} = {0FB76F60-C9D9-4D4C-A05E-3CEF293D2C34}
	EndProjectSection
EndProject
Global
	GlobalSection(SolutionConfigurationPlatforms) = preSolution
		Debug|x64 = Debug|x64
		Debug|x86 = Debug|x86
		Release|x64 = Release|x64
		Release|x86 = Release|x86
		ReleaseDbgInfo|x64 = ReleaseDbgInfo|x64
		ReleaseDbgInfo|x86 = ReleaseDbgInfo|x86
	EndGlobalSection
	GlobalSection(ProjectConfigurationPlatforms) = postSolution
		{C1C0B095-9F4C-49E0-A5E8-87F032950B51}.Debug|x64.ActiveCfg = Debug|x64
		{C1C0B095-9F4C-49E0-A5E8-87F032950B51}.Debug|x64.Build.0 = Debug|x64
		{C1C0B095-9F4C-49E0-A5E8-87F032950B51}.Debug|x86.ActiveCfg = Debug|x64
		{C1C0B095-9F4C-49E0-A5E8-87F032950B51}.Release|x64.ActiveCfg = Release|x64
		{C1C0B095-9F4C-49E0-A5E8-87F032950B51}.Release|x64.Build.0 = Release|x64
		{C1C0B095-9F4C-49E0-A5E8-87F032950B51}.Release|x86.ActiveCfg = Release|x64
		{C1C0B095-9F4C-49E0-A5E8-87F032950B51}.ReleaseDbgInfo|x64.ActiveCfg = ReleaseDbgInfo|x64
		{C1C0B095-9F4C-49E0-A5E8-87F032950B51}.ReleaseDbgInfo|x64.Build.0 = ReleaseDbgInfo|x64
		{C1C0B095-9F4C-49E0-A5E8-87F032950B51}.ReleaseDbgInfo|x86.ActiveCfg = ReleaseDbgInfo|x64
		{0FB76F60-C9D9-4D4C-A05E-3CEF293D2C34}.Debug|x64.ActiveCfg = Debug|x64
		{0FB76F60-C9D9-4D4C-A05E-3CEF293D2C34}.Debug|x64.Build.0 = Debug|x64
		{0FB76F60-C9D9-4D4C-A05E-3CEF293D2C34}.Debug|x86.ActiveCfg = Debug|x64
		{0FB76F60-C9D9-4D4C-A05E-3CEF293D2C34}.Release|x64.ActiveCfg = Release|x64
		{0FB76F60-C9D9-4D4C-A05E-3CEF293D2C34}.Release|x64.Build.0 = Release|x64
		{0FB76F60-C9D9-4D4C-A05E-3CEF293D2C34}.Release|x86.ActiveCfg = Release|x64
		{0FB76F60-C9D9-4D4C-A05E-3CEF293D2C34}.ReleaseDbgInfo|x64.ActiveCfg = ReleaseDbgInfo|x64
		{0FB76F60-C9D9-4D4C-A05E-3CEF293D2C34}.ReleaseDbgInfo|x64.Build.0 = ReleaseDbgInfo|x64
		{0FB76F60-C9D9-4D4C-A05E-3CEF293D2C34}.ReleaseDbgInfo|x86.ActiveCfg = ReleaseDbgInfo|x64
		{E08A2ACB-5D6A-48C6-99B1-0363BBD1A0A1}.Debug|x64.ActiveCfg = Debug|x64
		{E08A2ACB-5D6A-48C6-99B1-0363BBD1A0A1}.Debug|x64.Build.0 = Debug|x64
		{E08A2ACB-5D6A-48C6-99B1-0363BBD1A0A1}.Debug|x86.ActiveCfg = Debug|x64
		{E08A2ACB-5D6A-48C6-99B1-0363BBD1A0A1}.Release|x64.ActiveCfg = Release|x64
		{E08A2ACB-5D6A-48C6-99B1-0363BBD1A0A1}.Release|x64.Build.0 = Release|x64
		{E08A2ACB-5D6A-48C6-99B1-0363BBD1A0A1}.Release|x86.ActiveCfg = Release|x64
		{E08A2ACB-5D6A-48C6-99B1-0363BBD1A0A1}.ReleaseDbgInfo|x64.ActiveCfg = ReleaseDbgInfo|x64
		{E08A2ACB-5D6A-48C6-99B1-0363BBD1A0A1}.ReleaseDbgInfo|x64.Build.0 = ReleaseDbgInfo|x64
		{E08A2ACB-5D6A-48C6-99B1-0363BBD1A0A1}.ReleaseDbgInfo|x86.ActiveCfg = Release|x64
		{FEBE0C34-08A1-4983-A402-593395EB5C1A}.Debug|x64.ActiveCfg = Debug|x64
		{FEBE0C34-08A1-4983-A402-593395EB5C1A}.Debug|x64.Build.0 = Debug|x64
		{FEBE0C34-08A1-4983-A402-593395EB5C1A}.Debug|x86.ActiveCfg = Debug|x64
		{FEBE0C34-08A1-4983-A402-593395EB5C1A}.Release|x64.ActiveCfg = Release|x64
		{FEBE0C34-08A1-4983-A402-593395EB5C1A}.Release|x64.Build.0 = Release|x64
		{FEBE0C34-08A1-4983-A402-593395EB5C1A}.Release|x86.ActiveCfg = Release|x64
		{FEBE0C34-08A1-4983-A402-593395EB5C1A}.ReleaseDbgInfo|x64.ActiveCfg = ReleaseDbgInfo|x64
		{FEBE0C34-08A1-4983-A402-593395EB5C1A}.ReleaseDbgInfo|x64.Build.0 = ReleaseDbgInfo|x64
		{FEBE0C34-08A1-4983-A402-593395EB5C1A}.ReleaseDbgInfo|x86.ActiveCfg = ReleaseDbgInfo|x64
		{7F55457E-6200-41EF-895F-7098FDE22746}.Debug|x64.ActiveCfg = Debug|x64
		{7F55457E-6200-41EF-895F-7098FDE22746}.Debug|x64.Build.0 = Debug|x64
		{7F55457E-6200-41EF-895F-7098FDE22746}.Debug|x86.ActiveCfg = Debug|Win32
		{7F55457E-6200-41EF-895F-7098FDE22746}.Debug|x86.Build.0 = Debug|Win32
		{7F55457E-6200-41EF-895F-7098FDE22746}.Release|x64.ActiveCfg = Release|x64
		{7F55457E-6200-41EF-895F-7098FDE22746}.Release|x64.Build.0 = Release|x64
		{7F55457E-6200-41EF-895F-7098FDE22746}.Release|x86.ActiveCfg = Release|Win32
		{7F55457E-6200-41EF-895F-7098FDE22746}.Release|x86.Build.0 = Release|Win32
		{7F55457E-6200-41EF-895F-7098FDE22746}.ReleaseDbgInfo|x64.ActiveCfg = Release|x64
		{7F55457E-6200-41EF-895F-7098FDE22746}.ReleaseDbgInfo|x64.Build.0 = Release|x64
		{7F55457E-6200-41EF-895F-7098FDE22746}.ReleaseDbgInfo|x86.ActiveCfg = Release|Win32
		{7F55457E-6200-41EF-895F-7098FDE22746}.ReleaseDbgInfo|x86.Build.0 = Release|Win32
	EndGlobalSection
	GlobalSection(SolutionProperties) = preSolution
		HideSolutionNode = FALSE
	EndGlobalSection
	GlobalSection(NestedProjects) = preSolution
		{FEBE0C34-08A1-4983-A402-593395EB5C1A} = {DEC84305-F168-4FB5-AF8C-CCDA68F45CE7}
		{7F55457E-6200-41EF-895F-7098FDE22746} = {A415E5DC-5AB4-4FD5-A848-60127FDFD42B}
	EndGlobalSection
	GlobalSection(ExtensibilityGlobals) = postSolution
		SolutionGuid = {7CA28F6E-FEFE-475D-BB37-92B5483322F7}
	EndGlobalSection
EndGlobal
