<?xml version="1.0" encoding="utf-8"?>
<Project ToolsVersion="4.0" xmlns="http://schemas.microsoft.com/developer/msbuild/2003">
  <ItemGroup>
    <Filter Include="Source Files">
      <UniqueIdentifier>{4FC737F1-C7A5-4376-A066-2A32D752A2FF}</UniqueIdentifier>
      <Extensions>cpp;c;cc;cxx;c++;cppm;ixx;def;odl;idl;hpj;bat;asm;asmx</Extensions>
    </Filter>
    <Filter Include="Source Files\Math">
      <UniqueIdentifier>{baa684c7-4e5f-4dd0-adf9-587dc524a60b}</UniqueIdentifier>
    </Filter>
    <Filter Include="Source Files\Log">
      <UniqueIdentifier>{706cf980-74ef-44f4-86e5-e82eedc94379}</UniqueIdentifier>
    </Filter>
    <Filter Include="Source Files\Memory">
      <UniqueIdentifier>{cee42d7f-87f7-4ed6-a069-bbc9469ba9f9}</UniqueIdentifier>
    </Filter>
  </ItemGroup>
  <ItemGroup>
    <ClInclude Include="Math\Vec2.hpp">
      <Filter>Source Files\Math</Filter>
    </ClInclude>
    <ClInclude Include="Types.hpp">
      <Filter>Source Files</Filter>
    </ClInclude>
    <ClInclude Include="Math\Vec3.hpp">
      <Filter>Source Files\Math</Filter>
    </ClInclude>
    <ClInclude Include="Math\Vec4.hpp">
      <Filter>Source Files\Math</Filter>
    </ClInclude>
    <ClInclude Include="Math\Math.hpp">
      <Filter>Source Files\Math</Filter>
    </ClInclude>
    <ClInclude Include="Math\Mat.hpp">
      <Filter>Source Files\Math</Filter>
    </ClInclude>
    <ClInclude Include="BuildScheme.hpp">
      <Filter>Source Files</Filter>
    </ClInclude>
    <ClInclude Include="Attributes.hpp">
      <Filter>Source Files</Filter>
    </ClInclude>
    <ClInclude Include="Math\Quat.hpp">
      <Filter>Source Files\Math</Filter>
    </ClInclude>
    <ClInclude Include="Math\Values.hpp">
      <Filter>Source Files\Math</Filter>
    </ClInclude>
    <ClInclude Include="Log\Log.h">
      <Filter>Source Files\Log</Filter>
    </ClInclude>
    <ClInclude Include="Meta.hpp">
      <Filter>Source Files</Filter>
    </ClInclude>
    <ClInclude Include="SArray.hpp">
      <Filter>Source Files</Filter>
    </ClInclude>
    <ClInclude Include="DArray.hpp">
      <Filter>Source Files</Filter>
    </ClInclude>
    <ClInclude Include="Memory\Allocator.hpp">
      <Filter>Source Files\Memory</Filter>
    </ClInclude>
    <ClInclude Include="NonCopyable.hpp">
      <Filter>Source Files</Filter>
    </ClInclude>
    <ClInclude Include="Log\Assert.hpp">
      <Filter>Source Files\Log</Filter>
    </ClInclude>
    <ClInclude Include="Platform.hpp">
      <Filter>Source Files</Filter>
    </ClInclude>
    <ClInclude Include="BitField.hpp">
      <Filter>Source Files</Filter>
    </ClInclude>
    <ClInclude Include="HashMap.hpp">
      <Filter>Source Files</Filter>
    </ClInclude>
    <ClInclude Include="StackArray.hpp">
      <Filter>Source Files</Filter>
    </ClInclude>
    <ClInclude Include="Range.hpp">
      <Filter>Source Files</Filter>
    </ClInclude>
    <ClInclude Include="StringView.hpp">
      <Filter>Source Files</Filter>
    </ClInclude>
    <ClInclude Include="Function.hpp">
      <Filter>Source Files</Filter>
    </ClInclude>
    <ClInclude Include="StringMap.hpp">
      <Filter>Source Files</Filter>
    </ClInclude>
    <ClInclude Include="File.h">
      <Filter>Source Files</Filter>
    </ClInclude>
    <ClInclude Include="Handle.hpp">
      <Filter>Source Files</Filter>
    </ClInclude>
    <ClInclude Include="Pair.hpp">
      <Filter>Source Files</Filter>
    </ClInclude>
  </ItemGroup>
  <ItemGroup>
    <ClCompile Include="Log\Log.cpp">
      <Filter>Source Files\Log</Filter>
    </ClCompile>
    <ClCompile Include="File.cpp">
      <Filter>Source Files</Filter>
    </ClCompile>
  </ItemGroup>
</Project>