<?xml version="1.0" encoding="utf-8"?>
<Project ToolsVersion="4.0" xmlns="http://schemas.microsoft.com/developer/msbuild/2003">
  <ItemGroup>
    <Filter Include="Source Files">
      <UniqueIdentifier>{4FC737F1-C7A5-4376-A066-2A32D752A2FF}</UniqueIdentifier>
      <Extensions>cpp;c;cc;cxx;c++;cppm;ixx;def;odl;idl;hpj;bat;asm;asmx</Extensions>
    </Filter>
    <Filter Include="Source Files\Vendor">
      <UniqueIdentifier>{78a53746-252c-452d-a937-dc05fa3f1945}</UniqueIdentifier>
    </Filter>
    <Filter Include="Source Files\Renderer">
      <UniqueIdentifier>{2c2b2b0d-04a8-4c79-a7ec-169ec0c1a140}</UniqueIdentifier>
    </Filter>
    <Filter Include="Source Files\Renderer\Vulkan">
      <UniqueIdentifier>{400680c1-0030-44cd-9c05-cc3b28f3ca4a}</UniqueIdentifier>
    </Filter>
    <Filter Include="Source Files\Systems">
      <UniqueIdentifier>{ce337dea-7ffd-441b-92cc-fc7df2d09b7b}</UniqueIdentifier>
    </Filter>
    <Filter Include="Shader Files">
      <UniqueIdentifier>{75e26dc8-3460-4bc6-8191-3bb6592bce61}</UniqueIdentifier>
    </Filter>
  </ItemGroup>
  <ItemGroup>
    <ClCompile Include="Game.cpp">
      <Filter>Source Files</Filter>
    </ClCompile>
    <ClCompile Include="Renderer\Vulkan\VulkanUtils.cpp">
      <Filter>Source Files\Renderer\Vulkan</Filter>
    </ClCompile>
    <ClCompile Include="Systems\CommandSystem.cpp">
      <Filter>Source Files</Filter>
    </ClCompile>
    <ClCompile Include="Renderer\Renderer.cpp">
      <Filter>Source Files\Renderer</Filter>
    </ClCompile>
    <ClCompile Include="Renderer\Vulkan\VulkanMemory.cpp">
      <Filter>Source Files\Renderer\Vulkan</Filter>
    </ClCompile>
    <ClCompile Include="Renderer\Vulkan\VulkanContext.cpp">
      <Filter>Source Files\Renderer\Vulkan</Filter>
    </ClCompile>
    <ClCompile Include="Renderer\Vulkan\VulkanPhysicalDevice.cpp">
      <Filter>Source Files\Renderer\Vulkan</Filter>
    </ClCompile>
    <ClCompile Include="Renderer\Vulkan\VulkanSwapchain.cpp">
      <Filter>Source Files\Renderer\Vulkan</Filter>
    </ClCompile>
    <ClCompile Include="Renderer\Vulkan\VulkanRenderTarget.cpp">
      <Filter>Source Files\Renderer\Vulkan</Filter>
    </ClCompile>
    <ClCompile Include="Renderer\Vulkan\VulkanFrameSync.cpp">
      <Filter>Source Files\Renderer\Vulkan</Filter>
    </ClCompile>
    <ClCompile Include="Renderer\Vulkan\VulkanShader.cpp">
      <Filter>Source Files</Filter>
    </ClCompile>
    <ClCompile Include="Renderer\Vulkan\VulkanPipeline.cpp">
      <Filter>Source Files\Renderer\Vulkan</Filter>
    </ClCompile>
    <ClCompile Include="Renderer\Vulkan\VulkanMesh.cpp">
      <Filter>Source Files\Renderer\Vulkan</Filter>
    </ClCompile>
  </ItemGroup>
  <ItemGroup>
    <ClInclude Include="AGEAPI.hpp">
      <Filter>Source Files</Filter>
    </ClInclude>
    <ClInclude Include="Game.h">
      <Filter>Source Files</Filter>
    </ClInclude>
    <ClInclude Include="AGE.hpp">
      <Filter>Source Files</Filter>
    </ClInclude>
    <ClInclude Include="Vendor\GLFW.hpp">
      <Filter>Source Files\Vendor</Filter>
    </ClInclude>
    <ClInclude Include="Renderer\Vulkan\VulkanUtils.h">
      <Filter>Source Files\Renderer\Vulkan</Filter>
    </ClInclude>
    <ClInclude Include="Systems\CommandSystem.h">
      <Filter>Source Files\Systems</Filter>
    </ClInclude>
    <ClInclude Include="Renderer\Renderer.h">
      <Filter>Source Files\Renderer</Filter>
    </ClInclude>
    <ClInclude Include="Shaders\meshCore.frag.glsl">
      <Filter>Shader Files</Filter>
    </ClInclude>
    <ClInclude Include="Shaders\meshCore.vert.glsl">
      <Filter>Shader Files</Filter>
    </ClInclude>
    <ClInclude Include="Renderer\Vulkan\VulkanMemory.h">
      <Filter>Source Files\Renderer\Vulkan</Filter>
    </ClInclude>
    <ClInclude Include="Renderer\Vulkan\VulkanContext.h">
      <Filter>Source Files\Renderer\Vulkan</Filter>
    </ClInclude>
    <ClInclude Include="Renderer\Vulkan\VulkanPhysicalDevice.h">
      <Filter>Source Files\Renderer\Vulkan</Filter>
    </ClInclude>
    <ClInclude Include="Renderer\Vulkan\VulkanSwapchain.h">
      <Filter>Source Files\Renderer\Vulkan</Filter>
    </ClInclude>
    <ClInclude Include="Renderer\Vulkan\VulkanRenderTarget.h">
      <Filter>Source Files\Renderer\Vulkan</Filter>
    </ClInclude>
    <ClInclude Include="Renderer\Vulkan\VulkanFrameSync.h">
      <Filter>Source Files\Renderer\Vulkan</Filter>
    </ClInclude>
    <ClInclude Include="Renderer\Vulkan\VulkanShader.h" />
    <ClInclude Include="Renderer\Vulkan\VulkanPipeline.h">
      <Filter>Source Files\Renderer\Vulkan</Filter>
    </ClInclude>
    <ClInclude Include="Renderer\Vertex.hpp">
      <Filter>Source Files\Renderer</Filter>
    </ClInclude>
    <ClInclude Include="Renderer\Vulkan\VulkanMesh.h">
      <Filter>Source Files\Renderer\Vulkan</Filter>
    </ClInclude>
  </ItemGroup>
</Project>